
Microsoft Visual Studio Solution File, Format Version 12.00
# Visual Studio Version 16
VisualStudioVersion = 16.0.32802.440
MinimumVisualStudioVersion = 10.0.40219.1
Project("{8BC9CEB8-8B4A-11D0-8D11-00A0C91BC942}") = "CSUdp", "CSUdp\CSUdp.vcxproj", "{258A166F-CE22-43DB-90C1-6566B32763C1}"
EndProject
Project("{8BC9CEB8-8B4A-11D0-8D11-00A0C91BC942}") = "server", "server\server.vcxproj", "{1AB7E63F-A748-4FB9-8E87-4F78C591A5A4}"
	ProjectSection(ProjectDependencies) = postProject
		{258A166F-CE22-43DB-90C1-6566B32763C1} = {258A166F-CE22-43DB-90C1-6566B32763C1}
	EndProjectSection
EndProject
Project("{8BC9CEB8-8B4A-11D0-8D11-00A0C91BC942}") = "client", "client\client.vcxproj", "{CC3CD7DF-3C2F-4A03-9F6A-6AF727B949E0}"
	ProjectSection(ProjectDependencies) = postProject
		{258A166F-CE22-43DB-90C1-6566B32763C1} = {258A166F-CE22-43DB-90C1-6566B32763C1}
	EndProjectSection
EndProject
Global
	GlobalSection(SolutionConfigurationPlatforms) = preSolution
		Debug|x64 = Debug|x64
		Debug|x86 = Debug|x86
		Release|x64 = Release|x64
		Release|x86 = Release|x86
	EndGlobalSection
	GlobalSection(ProjectConfigurationPlatforms) = postSolution
		{258A166F-CE22-43DB-90C1-6566B32763C1}.Debug|x64.ActiveCfg = Debug|x64
		{258A166F-CE22-43DB-90C1-6566B32763C1}.Debug|x64.Build.0 = Debug|x64
		{258A166F-CE22-43DB-90C1-6566B32763C1}.Debug|x86.ActiveCfg = Debug|Win32
		{258A166F-CE22-43DB-90C1-6566B32763C1}.Debug|x86.Build.0 = Debug|Win32
		{258A166F-CE22-43DB-90C1-6566B32763C1}.Release|x64.ActiveCfg = Release|x64
		{258A166F-CE22-43DB-90C1-6566B32763C1}.Release|x64.Build.0 = Release|x64
		{258A166F-CE22-43DB-90C1-6566B32763C1}.Release|x86.ActiveCfg = Release|Win32
		{258A166F-CE22-43DB-90C1-6566B32763C1}.Release|x86.Build.0 = Release|Win32
		{1AB7E63F-A748-4FB9-8E87-4F78C591A5A4}.Debug|x64.ActiveCfg = Debug|x64
		{1AB7E63F-A748-4FB9-8E87-4F78C591A5A4}.Debug|x64.Build.0 = Debug|x64
		{1AB7E63F-A748-4FB9-8E87-4F78C591A5A4}.Debug|x86.ActiveCfg = Debug|Win32
		{1AB7E63F-A748-4FB9-8E87-4F78C591A5A4}.Debug|x86.Build.0 = Debug|Win32
		{1AB7E63F-A748-4FB9-8E87-4F78C591A5A4}.Release|x64.ActiveCfg = Release|x64
		{1AB7E63F-A748-4FB9-8E87-4F78C591A5A4}.Release|x64.Build.0 = Release|x64
		{1AB7E63F-A748-4FB9-8E87-4F78C591A5A4}.Release|x86.ActiveCfg = Release|Win32
		{1AB7E63F-A748-4FB9-8E87-4F78C591A5A4}.Release|x86.Build.0 = Release|Win32
		{CC3CD7DF-3C2F-4A03-9F6A-6AF727B949E0}.Debug|x64.ActiveCfg = Debug|x64
		{CC3CD7DF-3C2F-4A03-9F6A-6AF727B949E0}.Debug|x64.Build.0 = Debug|x64
		{CC3CD7DF-3C2F-4A03-9F6A-6AF727B949E0}.Debug|x86.ActiveCfg = Debug|Win32
		{CC3CD7DF-3C2F-4A03-9F6A-6AF727B949E0}.Debug|x86.Build.0 = Debug|Win32
		{CC3CD7DF-3C2F-4A03-9F6A-6AF727B949E0}.Release|x64.ActiveCfg = Release|x64
		{CC3CD7DF-3C2F-4A03-9F6A-6AF727B949E0}.Release|x64.Build.0 = Release|x64
		{CC3CD7DF-3C2F-4A03-9F6A-6AF727B949E0}.Release|x86.ActiveCfg = Release|Win32
		{CC3CD7DF-3C2F-4A03-9F6A-6AF727B949E0}.Release|x86.Build.0 = Release|Win32
	EndGlobalSection
	GlobalSection(SolutionProperties) = preSolution
		HideSolutionNode = FALSE
	EndGlobalSection
	GlobalSection(ExtensibilityGlobals) = postSolution
		SolutionGuid = {EB502A35-31EB-4E1B-926D-856BF0C5DC53}
	EndGlobalSection
EndGlobal
