
Microsoft Visual Studio Solution File, Format Version 12.00
# Visual Studio Version 16
VisualStudioVersion = 16.0.32802.440
MinimumVisualStudioVersion = 10.0.40219.1
Project("{8BC9CEB8-8B4A-11D0-8D11-00A0C91BC942}") = "MySpxx", "MySpxx.vcxproj", "{C15439CB-8F11-41D1-81E6-F1383BD6C71D}"
EndProject
Project("{8BC9CEB8-8B4A-11D0-8D11-00A0C91BC942}") = "hookDll", "..\hookDll\hookDll.vcxproj", "{A4BA3ED3-2D93-4763-BCD8-FCE1F6E992BF}"
EndProject
Global
	GlobalSection(SolutionConfigurationPlatforms) = preSolution
		Debug|x64 = Debug|x64
		Debug|x86 = Debug|x86
		Release|x64 = Release|x64
		Release|x86 = Release|x86
	EndGlobalSection
	GlobalSection(ProjectConfigurationPlatforms) = postSolution
		{C15439CB-8F11-41D1-81E6-F1383BD6C71D}.Debug|x64.ActiveCfg = Debug|x64
		{C15439CB-8F11-41D1-81E6-F1383BD6C71D}.Debug|x64.Build.0 = Debug|x64
		{C15439CB-8F11-41D1-81E6-F1383BD6C71D}.Debug|x86.ActiveCfg = Debug|Win32
		{C15439CB-8F11-41D1-81E6-F1383BD6C71D}.Debug|x86.Build.0 = Debug|Win32
		{C15439CB-8F11-41D1-81E6-F1383BD6C71D}.Release|x64.ActiveCfg = Release|x64
		{C15439CB-8F11-41D1-81E6-F1383BD6C71D}.Release|x64.Build.0 = Release|x64
		{C15439CB-8F11-41D1-81E6-F1383BD6C71D}.Release|x86.ActiveCfg = Release|Win32
		{C15439CB-8F11-41D1-81E6-F1383BD6C71D}.Release|x86.Build.0 = Release|Win32
		{A4BA3ED3-2D93-4763-BCD8-FCE1F6E992BF}.Debug|x64.ActiveCfg = Debug|x64
		{A4BA3ED3-2D93-4763-BCD8-FCE1F6E992BF}.Debug|x64.Build.0 = Debug|x64
		{A4BA3ED3-2D93-4763-BCD8-FCE1F6E992BF}.Debug|x86.ActiveCfg = Debug|Win32
		{A4BA3ED3-2D93-4763-BCD8-FCE1F6E992BF}.Debug|x86.Build.0 = Debug|Win32
		{A4BA3ED3-2D93-4763-BCD8-FCE1F6E992BF}.Release|x64.ActiveCfg = Release|x64
		{A4BA3ED3-2D93-4763-BCD8-FCE1F6E992BF}.Release|x64.Build.0 = Release|x64
		{A4BA3ED3-2D93-4763-BCD8-FCE1F6E992BF}.Release|x86.ActiveCfg = Release|Win32
		{A4BA3ED3-2D93-4763-BCD8-FCE1F6E992BF}.Release|x86.Build.0 = Release|Win32
	EndGlobalSection
	GlobalSection(SolutionProperties) = preSolution
		HideSolutionNode = FALSE
	EndGlobalSection
	GlobalSection(ExtensibilityGlobals) = postSolution
		SolutionGuid = {138443B1-2FC0-48E9-8761-7DEFC7B571C2}
	EndGlobalSection
EndGlobal
