
Microsoft Visual Studio Solution File, Format Version 12.00
# Visual Studio Version 16
VisualStudioVersion = 16.0.32802.440
MinimumVisualStudioVersion = 10.0.40219.1
Project("{8BC9CEB8-8B4A-11D0-8D11-00A0C91BC942}") = "refercount", "refercount\refercount.vcxproj", "{CAEE04E8-AF63-45E9-81CE-988762B7AF24}"
EndProject
Project("{8BC9CEB8-8B4A-11D0-8D11-00A0C91BC942}") = "CString", "CString\CString.vcxproj", "{E6438B3F-149B-464D-A8A8-ADE0D8FA8A12}"
EndProject
Global
	GlobalSection(SolutionConfigurationPlatforms) = preSolution
		Debug|x64 = Debug|x64
		Debug|x86 = Debug|x86
		Release|x64 = Release|x64
		Release|x86 = Release|x86
	EndGlobalSection
	GlobalSection(ProjectConfigurationPlatforms) = postSolution
		{CAEE04E8-AF63-45E9-81CE-988762B7AF24}.Debug|x64.ActiveCfg = Debug|x64
		{CAEE04E8-AF63-45E9-81CE-988762B7AF24}.Debug|x64.Build.0 = Debug|x64
		{CAEE04E8-AF63-45E9-81CE-988762B7AF24}.Debug|x86.ActiveCfg = Debug|Win32
		{CAEE04E8-AF63-45E9-81CE-988762B7AF24}.Debug|x86.Build.0 = Debug|Win32
		{CAEE04E8-AF63-45E9-81CE-988762B7AF24}.Release|x64.ActiveCfg = Release|x64
		{CAEE04E8-AF63-45E9-81CE-988762B7AF24}.Release|x64.Build.0 = Release|x64
		{CAEE04E8-AF63-45E9-81CE-988762B7AF24}.Release|x86.ActiveCfg = Release|Win32
		{CAEE04E8-AF63-45E9-81CE-988762B7AF24}.Release|x86.Build.0 = Release|Win32
		{E6438B3F-149B-464D-A8A8-ADE0D8FA8A12}.Debug|x64.ActiveCfg = Debug|x64
		{E6438B3F-149B-464D-A8A8-ADE0D8FA8A12}.Debug|x64.Build.0 = Debug|x64
		{E6438B3F-149B-464D-A8A8-ADE0D8FA8A12}.Debug|x86.ActiveCfg = Debug|Win32
		{E6438B3F-149B-464D-A8A8-ADE0D8FA8A12}.Debug|x86.Build.0 = Debug|Win32
		{E6438B3F-149B-464D-A8A8-ADE0D8FA8A12}.Release|x64.ActiveCfg = Release|x64
		{E6438B3F-149B-464D-A8A8-ADE0D8FA8A12}.Release|x64.Build.0 = Release|x64
		{E6438B3F-149B-464D-A8A8-ADE0D8FA8A12}.Release|x86.ActiveCfg = Release|Win32
		{E6438B3F-149B-464D-A8A8-ADE0D8FA8A12}.Release|x86.Build.0 = Release|Win32
	EndGlobalSection
	GlobalSection(SolutionProperties) = preSolution
		HideSolutionNode = FALSE
	EndGlobalSection
	GlobalSection(ExtensibilityGlobals) = postSolution
		SolutionGuid = {17C903C9-F113-4D51-A528-A6C09C23070B}
	EndGlobalSection
EndGlobal
