
Microsoft Visual Studio Solution File, Format Version 12.00
# Visual Studio Version 16
VisualStudioVersion = 16.0.32802.440
MinimumVisualStudioVersion = 10.0.40219.1
Project("{8BC9CEB8-8B4A-11D0-8D11-00A0C91BC942}") = "CmdMock", "CmdMock.vcxproj", "{9CFE1B80-FACD-441F-88A9-CD181279E543}"
EndProject
Global
	GlobalSection(SolutionConfigurationPlatforms) = preSolution
		Debug|x64 = Debug|x64
		Debug|x86 = Debug|x86
		Release|x64 = Release|x64
		Release|x86 = Release|x86
	EndGlobalSection
	GlobalSection(ProjectConfigurationPlatforms) = postSolution
		{9CFE1B80-FACD-441F-88A9-CD181279E543}.Debug|x64.ActiveCfg = Debug|x64
		{9CFE1B80-FACD-441F-88A9-CD181279E543}.Debug|x64.Build.0 = Debug|x64
		{9CFE1B80-FACD-441F-88A9-CD181279E543}.Debug|x86.ActiveCfg = Debug|Win32
		{9CFE1B80-FACD-441F-88A9-CD181279E543}.Debug|x86.Build.0 = Debug|Win32
		{9CFE1B80-FACD-441F-88A9-CD181279E543}.Release|x64.ActiveCfg = Release|x64
		{9CFE1B80-FACD-441F-88A9-CD181279E543}.Release|x64.Build.0 = Release|x64
		{9CFE1B80-FACD-441F-88A9-CD181279E543}.Release|x86.ActiveCfg = Release|Win32
		{9CFE1B80-FACD-441F-88A9-CD181279E543}.Release|x86.Build.0 = Release|Win32
	EndGlobalSection
	GlobalSection(SolutionProperties) = preSolution
		HideSolutionNode = FALSE
	EndGlobalSection
	GlobalSection(ExtensibilityGlobals) = postSolution
		SolutionGuid = {31EE0ED7-EF59-42E3-9339-FEC011B0FE8E}
	EndGlobalSection
EndGlobal
