
Microsoft Visual Studio Solution File, Format Version 12.00
# Visual Studio Version 16
VisualStudioVersion = 16.0.32802.440
MinimumVisualStudioVersion = 10.0.40219.1
Project("{8BC9CEB8-8B4A-11D0-8D11-00A0C91BC942}") = "server", "server\server.vcxproj", "{96C2BF09-E56B-4C42-ACCE-588148F09054}"
EndProject
Project("{8BC9CEB8-8B4A-11D0-8D11-00A0C91BC942}") = "client", "client\client.vcxproj", "{5FCE993C-04FC-4AF2-B46E-1221CA94806B}"
EndProject
Project("{2150E333-8FDC-42A3-9474-1A3956D46DE8}") = "Solution Items", "Solution Items", "{64584068-6D78-4DE8-ADF2-3FE324F8C9F4}"
	ProjectSection(SolutionItems) = preProject
		include\Proto.h = include\Proto.h
	EndProjectSection
EndProject
Global
	GlobalSection(SolutionConfigurationPlatforms) = preSolution
		Debug|x64 = Debug|x64
		Debug|x86 = Debug|x86
		Release|x64 = Release|x64
		Release|x86 = Release|x86
	EndGlobalSection
	GlobalSection(ProjectConfigurationPlatforms) = postSolution
		{96C2BF09-E56B-4C42-ACCE-588148F09054}.Debug|x64.ActiveCfg = Debug|x64
		{96C2BF09-E56B-4C42-ACCE-588148F09054}.Debug|x64.Build.0 = Debug|x64
		{96C2BF09-E56B-4C42-ACCE-588148F09054}.Debug|x86.ActiveCfg = Debug|Win32
		{96C2BF09-E56B-4C42-ACCE-588148F09054}.Debug|x86.Build.0 = Debug|Win32
		{96C2BF09-E56B-4C42-ACCE-588148F09054}.Release|x64.ActiveCfg = Release|x64
		{96C2BF09-E56B-4C42-ACCE-588148F09054}.Release|x64.Build.0 = Release|x64
		{96C2BF09-E56B-4C42-ACCE-588148F09054}.Release|x86.ActiveCfg = Release|Win32
		{96C2BF09-E56B-4C42-ACCE-588148F09054}.Release|x86.Build.0 = Release|Win32
		{5FCE993C-04FC-4AF2-B46E-1221CA94806B}.Debug|x64.ActiveCfg = Debug|x64
		{5FCE993C-04FC-4AF2-B46E-1221CA94806B}.Debug|x64.Build.0 = Debug|x64
		{5FCE993C-04FC-4AF2-B46E-1221CA94806B}.Debug|x86.ActiveCfg = Debug|Win32
		{5FCE993C-04FC-4AF2-B46E-1221CA94806B}.Debug|x86.Build.0 = Debug|Win32
		{5FCE993C-04FC-4AF2-B46E-1221CA94806B}.Release|x64.ActiveCfg = Release|x64
		{5FCE993C-04FC-4AF2-B46E-1221CA94806B}.Release|x64.Build.0 = Release|x64
		{5FCE993C-04FC-4AF2-B46E-1221CA94806B}.Release|x86.ActiveCfg = Release|Win32
		{5FCE993C-04FC-4AF2-B46E-1221CA94806B}.Release|x86.Build.0 = Release|Win32
	EndGlobalSection
	GlobalSection(SolutionProperties) = preSolution
		HideSolutionNode = FALSE
	EndGlobalSection
	GlobalSection(ExtensibilityGlobals) = postSolution
		SolutionGuid = {D576EBB6-E843-4256-AF17-5FDBF3FE3674}
	EndGlobalSection
EndGlobal
