
Microsoft Visual Studio Solution File, Format Version 12.00
# Visual Studio Version 16
VisualStudioVersion = 16.0.32802.440
MinimumVisualStudioVersion = 10.0.40219.1
Project("{8BC9CEB8-8B4A-11D0-8D11-00A0C91BC942}") = "onlyonewindow", "onlyonewindow\onlyonewindow.vcxproj", "{4017FF7F-F6D2-4111-BF3B-5C9CEDF7F709}"
EndProject
Project("{8BC9CEB8-8B4A-11D0-8D11-00A0C91BC942}") = "onlyfirstwindow", "onlyfirstwindow\onlyfirstwindow.vcxproj", "{C3861CD9-9EE0-4887-9CC4-47789FAAB4E5}"
EndProject
Global
	GlobalSection(SolutionConfigurationPlatforms) = preSolution
		Debug|x64 = Debug|x64
		Debug|x86 = Debug|x86
		Release|x64 = Release|x64
		Release|x86 = Release|x86
	EndGlobalSection
	GlobalSection(ProjectConfigurationPlatforms) = postSolution
		{4017FF7F-F6D2-4111-BF3B-5C9CEDF7F709}.Debug|x64.ActiveCfg = Debug|x64
		{4017FF7F-F6D2-4111-BF3B-5C9CEDF7F709}.Debug|x64.Build.0 = Debug|x64
		{4017FF7F-F6D2-4111-BF3B-5C9CEDF7F709}.Debug|x86.ActiveCfg = Debug|Win32
		{4017FF7F-F6D2-4111-BF3B-5C9CEDF7F709}.Debug|x86.Build.0 = Debug|Win32
		{4017FF7F-F6D2-4111-BF3B-5C9CEDF7F709}.Release|x64.ActiveCfg = Release|x64
		{4017FF7F-F6D2-4111-BF3B-5C9CEDF7F709}.Release|x64.Build.0 = Release|x64
		{4017FF7F-F6D2-4111-BF3B-5C9CEDF7F709}.Release|x86.ActiveCfg = Release|Win32
		{4017FF7F-F6D2-4111-BF3B-5C9CEDF7F709}.Release|x86.Build.0 = Release|Win32
		{C3861CD9-9EE0-4887-9CC4-47789FAAB4E5}.Debug|x64.ActiveCfg = Debug|x64
		{C3861CD9-9EE0-4887-9CC4-47789FAAB4E5}.Debug|x64.Build.0 = Debug|x64
		{C3861CD9-9EE0-4887-9CC4-47789FAAB4E5}.Debug|x86.ActiveCfg = Debug|Win32
		{C3861CD9-9EE0-4887-9CC4-47789FAAB4E5}.Debug|x86.Build.0 = Debug|Win32
		{C3861CD9-9EE0-4887-9CC4-47789FAAB4E5}.Release|x64.ActiveCfg = Release|x64
		{C3861CD9-9EE0-4887-9CC4-47789FAAB4E5}.Release|x64.Build.0 = Release|x64
		{C3861CD9-9EE0-4887-9CC4-47789FAAB4E5}.Release|x86.ActiveCfg = Release|Win32
		{C3861CD9-9EE0-4887-9CC4-47789FAAB4E5}.Release|x86.Build.0 = Release|Win32
	EndGlobalSection
	GlobalSection(SolutionProperties) = preSolution
		HideSolutionNode = FALSE
	EndGlobalSection
	GlobalSection(ExtensibilityGlobals) = postSolution
		SolutionGuid = {78F18D9D-46E2-41A6-AC99-9F3BDB10B3FB}
	EndGlobalSection
EndGlobal
