
Microsoft Visual Studio Solution File, Format Version 12.00
# Visual Studio Version 16
VisualStudioVersion = 16.0.32802.440
MinimumVisualStudioVersion = 10.0.40219.1
Project("{8BC9CEB8-8B4A-11D0-8D11-00A0C91BC942}") = "FileCopyDlg", "FileCopyDlg\FileCopyDlg.vcxproj", "{156FBB73-BA71-4D0D-AADA-76DC0BD25E07}"
	ProjectSection(ProjectDependencies) = postProject
		{FA7A9AC4-F80E-4994-9D2D-28F6F41ACF82} = {FA7A9AC4-F80E-4994-9D2D-28F6F41ACF82}
		{717950F4-3F18-40C8-B712-8FB7BEFFD684} = {717950F4-3F18-40C8-B712-8FB7BEFFD684}
	EndProjectSection
EndProject
Project("{8BC9CEB8-8B4A-11D0-8D11-00A0C91BC942}") = "ShareDll", "ShareDll\ShareDll.vcxproj", "{717950F4-3F18-40C8-B712-8FB7BEFFD684}"
EndProject
Project("{8BC9CEB8-8B4A-11D0-8D11-00A0C91BC942}") = "FileCopyControl", "FileCopyControl\FileCopyControl.vcxproj", "{FA7A9AC4-F80E-4994-9D2D-28F6F41ACF82}"
	ProjectSection(ProjectDependencies) = postProject
		{717950F4-3F18-40C8-B712-8FB7BEFFD684} = {717950F4-3F18-40C8-B712-8FB7BEFFD684}
	EndProjectSection
EndProject
Global
	GlobalSection(SolutionConfigurationPlatforms) = preSolution
		Debug|x64 = Debug|x64
		Debug|x86 = Debug|x86
		Release|x64 = Release|x64
		Release|x86 = Release|x86
	EndGlobalSection
	GlobalSection(ProjectConfigurationPlatforms) = postSolution
		{156FBB73-BA71-4D0D-AADA-76DC0BD25E07}.Debug|x64.ActiveCfg = Debug|x64
		{156FBB73-BA71-4D0D-AADA-76DC0BD25E07}.Debug|x64.Build.0 = Debug|x64
		{156FBB73-BA71-4D0D-AADA-76DC0BD25E07}.Debug|x86.ActiveCfg = Debug|Win32
		{156FBB73-BA71-4D0D-AADA-76DC0BD25E07}.Debug|x86.Build.0 = Debug|Win32
		{156FBB73-BA71-4D0D-AADA-76DC0BD25E07}.Release|x64.ActiveCfg = Release|x64
		{156FBB73-BA71-4D0D-AADA-76DC0BD25E07}.Release|x64.Build.0 = Release|x64
		{156FBB73-BA71-4D0D-AADA-76DC0BD25E07}.Release|x86.ActiveCfg = Release|Win32
		{156FBB73-BA71-4D0D-AADA-76DC0BD25E07}.Release|x86.Build.0 = Release|Win32
		{717950F4-3F18-40C8-B712-8FB7BEFFD684}.Debug|x64.ActiveCfg = Debug|x64
		{717950F4-3F18-40C8-B712-8FB7BEFFD684}.Debug|x64.Build.0 = Debug|x64
		{717950F4-3F18-40C8-B712-8FB7BEFFD684}.Debug|x86.ActiveCfg = Debug|Win32
		{717950F4-3F18-40C8-B712-8FB7BEFFD684}.Debug|x86.Build.0 = Debug|Win32
		{717950F4-3F18-40C8-B712-8FB7BEFFD684}.Release|x64.ActiveCfg = Release|x64
		{717950F4-3F18-40C8-B712-8FB7BEFFD684}.Release|x64.Build.0 = Release|x64
		{717950F4-3F18-40C8-B712-8FB7BEFFD684}.Release|x86.ActiveCfg = Release|Win32
		{717950F4-3F18-40C8-B712-8FB7BEFFD684}.Release|x86.Build.0 = Release|Win32
		{FA7A9AC4-F80E-4994-9D2D-28F6F41ACF82}.Debug|x64.ActiveCfg = Debug|x64
		{FA7A9AC4-F80E-4994-9D2D-28F6F41ACF82}.Debug|x64.Build.0 = Debug|x64
		{FA7A9AC4-F80E-4994-9D2D-28F6F41ACF82}.Debug|x86.ActiveCfg = Debug|Win32
		{FA7A9AC4-F80E-4994-9D2D-28F6F41ACF82}.Debug|x86.Build.0 = Debug|Win32
		{FA7A9AC4-F80E-4994-9D2D-28F6F41ACF82}.Release|x64.ActiveCfg = Release|x64
		{FA7A9AC4-F80E-4994-9D2D-28F6F41ACF82}.Release|x64.Build.0 = Release|x64
		{FA7A9AC4-F80E-4994-9D2D-28F6F41ACF82}.Release|x86.ActiveCfg = Release|Win32
		{FA7A9AC4-F80E-4994-9D2D-28F6F41ACF82}.Release|x86.Build.0 = Release|Win32
	EndGlobalSection
	GlobalSection(SolutionProperties) = preSolution
		HideSolutionNode = FALSE
	EndGlobalSection
	GlobalSection(ExtensibilityGlobals) = postSolution
		SolutionGuid = {3FC22269-6C49-4EEC-819D-5C92EF3C066E}
	EndGlobalSection
EndGlobal
