
Microsoft Visual Studio Solution File, Format Version 12.00
# Visual Studio Version 16
VisualStudioVersion = 16.0.32802.440
MinimumVisualStudioVersion = 10.0.40219.1
Project("{8BC9CEB8-8B4A-11D0-8D11-00A0C91BC942}") = "myDll", "myDll\myDll.vcxproj", "{4B93E4F9-6DCF-4039-BC91-5915B4E44691}"
EndProject
Project("{8BC9CEB8-8B4A-11D0-8D11-00A0C91BC942}") = "runDll", "runDll\runDll.vcxproj", "{3D4064EC-6B8A-461C-AB8D-B65AA86BD9C4}"
EndProject
Project("{8BC9CEB8-8B4A-11D0-8D11-00A0C91BC942}") = "removeDll", "removeDll\removeDll.vcxproj", "{B1F30EAE-1E98-496A-9350-59522135F483}"
EndProject
Global
	GlobalSection(SolutionConfigurationPlatforms) = preSolution
		Debug|x64 = Debug|x64
		Debug|x86 = Debug|x86
		Release|x64 = Release|x64
		Release|x86 = Release|x86
	EndGlobalSection
	GlobalSection(ProjectConfigurationPlatforms) = postSolution
		{4B93E4F9-6DCF-4039-BC91-5915B4E44691}.Debug|x64.ActiveCfg = Debug|x64
		{4B93E4F9-6DCF-4039-BC91-5915B4E44691}.Debug|x64.Build.0 = Debug|x64
		{4B93E4F9-6DCF-4039-BC91-5915B4E44691}.Debug|x86.ActiveCfg = Debug|Win32
		{4B93E4F9-6DCF-4039-BC91-5915B4E44691}.Debug|x86.Build.0 = Debug|Win32
		{4B93E4F9-6DCF-4039-BC91-5915B4E44691}.Release|x64.ActiveCfg = Release|x64
		{4B93E4F9-6DCF-4039-BC91-5915B4E44691}.Release|x64.Build.0 = Release|x64
		{4B93E4F9-6DCF-4039-BC91-5915B4E44691}.Release|x86.ActiveCfg = Release|Win32
		{4B93E4F9-6DCF-4039-BC91-5915B4E44691}.Release|x86.Build.0 = Release|Win32
		{3D4064EC-6B8A-461C-AB8D-B65AA86BD9C4}.Debug|x64.ActiveCfg = Debug|x64
		{3D4064EC-6B8A-461C-AB8D-B65AA86BD9C4}.Debug|x64.Build.0 = Debug|x64
		{3D4064EC-6B8A-461C-AB8D-B65AA86BD9C4}.Debug|x86.ActiveCfg = Debug|Win32
		{3D4064EC-6B8A-461C-AB8D-B65AA86BD9C4}.Debug|x86.Build.0 = Debug|Win32
		{3D4064EC-6B8A-461C-AB8D-B65AA86BD9C4}.Release|x64.ActiveCfg = Release|x64
		{3D4064EC-6B8A-461C-AB8D-B65AA86BD9C4}.Release|x64.Build.0 = Release|x64
		{3D4064EC-6B8A-461C-AB8D-B65AA86BD9C4}.Release|x86.ActiveCfg = Release|Win32
		{3D4064EC-6B8A-461C-AB8D-B65AA86BD9C4}.Release|x86.Build.0 = Release|Win32
		{B1F30EAE-1E98-496A-9350-59522135F483}.Debug|x64.ActiveCfg = Debug|x64
		{B1F30EAE-1E98-496A-9350-59522135F483}.Debug|x64.Build.0 = Debug|x64
		{B1F30EAE-1E98-496A-9350-59522135F483}.Debug|x86.ActiveCfg = Debug|Win32
		{B1F30EAE-1E98-496A-9350-59522135F483}.Debug|x86.Build.0 = Debug|Win32
		{B1F30EAE-1E98-496A-9350-59522135F483}.Release|x64.ActiveCfg = Release|x64
		{B1F30EAE-1E98-496A-9350-59522135F483}.Release|x64.Build.0 = Release|x64
		{B1F30EAE-1E98-496A-9350-59522135F483}.Release|x86.ActiveCfg = Release|Win32
		{B1F30EAE-1E98-496A-9350-59522135F483}.Release|x86.Build.0 = Release|Win32
	EndGlobalSection
	GlobalSection(SolutionProperties) = preSolution
		HideSolutionNode = FALSE
	EndGlobalSection
	GlobalSection(ExtensibilityGlobals) = postSolution
		SolutionGuid = {26121594-9FA0-4369-80DE-CA6FFE7CC8FF}
	EndGlobalSection
EndGlobal
